# This file was autogenerated by Stack.
# You should not edit this file by hand.
# For more information, please see the documentation at:
#   https://docs.haskellstack.org/en/stable/lock_files

packages:
- completed:
    hackage: aeson-schemas-1.2.0@sha256:b10b28f8e10c1155a3e45532c4a827b2a2c30c05d25d9504d4738b4792d8bb70,6595
    pantry-tree:
      size: 7982
      sha256: c5783c15b5f64e5f6e7459f69385db175539750f3431158072e0b625148948c5
  original:
    hackage: aeson-schemas-1.2.0
- completed:
    hackage: hpc-lcov-1.0.0@sha256:b651be5c3542f3b74e4b88fe00619f8d5bfa8baacebb6bada5b1f4307a1767c2,2732
    pantry-tree:
      size: 628
      sha256: dc2b7cd89c4b660509bbf5f86bf369f2dc970dc9a0f6f37cd872c3a032a49ecc
  original:
    hackage: hpc-lcov-1.0.0
snapshots:
- completed:
    size: 498186
    url: https://raw.githubusercontent.com/commercialhaskell/stackage-snapshots/master/lts/13/22.yaml
    sha256: d4f07dc3d5658260c2fe34266ad7618f6c84d34decf559c9c786ac1cfccf4e7b
  original: lts-13.22
