# This file was autogenerated by Stack.
# You should not edit this file by hand.
# For more information, please see the documentation at:
#   https://docs.haskellstack.org/en/stable/lock_files

packages:
- completed:
    hackage: aeson-schemas-1.0.3@sha256:075f168855ee9fbeb3482645aa67420b0a8f5e6787f586013b639c8624cfcd37,5834
    pantry-tree:
      size: 6332
      sha256: 2cebd9bc1b696f2dd121528ce9d144ee789d55a6f05546ad2a16ad26792f4a65
  original:
    hackage: aeson-schemas-1.0.3
- completed:
    hackage: hpc-lcov-1.0.0@sha256:b651be5c3542f3b74e4b88fe00619f8d5bfa8baacebb6bada5b1f4307a1767c2,2732
    pantry-tree:
      size: 628
      sha256: dc2b7cd89c4b660509bbf5f86bf369f2dc970dc9a0f6f37cd872c3a032a49ecc
  original:
    hackage: hpc-lcov-1.0.0
snapshots:
- completed:
    size: 498186
    url: https://raw.githubusercontent.com/commercialhaskell/stackage-snapshots/master/lts/13/22.yaml
    sha256: d4f07dc3d5658260c2fe34266ad7618f6c84d34decf559c9c786ac1cfccf4e7b
  original: lts-13.22
