# This file was autogenerated by Stack.
# You should not edit this file by hand.
# For more information, please see the documentation at:
#   https://docs.haskellstack.org/en/stable/lock_files

packages:
- completed:
    hackage: aeson-schemas-1.3.0@sha256:25c6af5280b6fe81a01405384e27fedeb0f9fadc958f6113eca53e56e80099da,5701
    pantry-tree:
      size: 5283
      sha256: 3a2ab547a39ee12901aa494cb28335ebefa10ce795262e880b60079a6baf4945
  original:
    hackage: aeson-schemas-1.3.0
snapshots:
- completed:
    size: 534126
    url: https://raw.githubusercontent.com/commercialhaskell/stackage-snapshots/master/lts/16/31.yaml
    sha256: 637fb77049b25560622a224845b7acfe81a09fdb6a96a3c75997a10b651667f6
  original: lts-16.31
